PODS:
  - AppAuth (1.4.0):
    - AppAuth/Core (= 1.4.0)
    - AppAuth/ExternalUserAgent (= 1.4.0)
  - AppAuth/Core (1.4.0)
  - AppAuth/ExternalUserAgent (1.4.0)
  - MobileWorkflow (0.0.42):
    - MobileWorkflow/Core (= 0.0.42)
  - MobileWorkflow/Core (0.0.42)

DEPENDENCIES:
  - AppAuth
  - MobileWorkflow

SPEC REPOS:
  https://github.com/FutureWorkshops/FWTPodspecs.git:
    - MobileWorkflow
  trunk:
    - AppAuth

SPEC CHECKSUMS:
  AppAuth: 31bcec809a638d7bd2f86ea8a52bd45f6e81e7c7
  MobileWorkflow: 9a5a5fc315661e3d6fed1f72e25c8d083f95c251

PODFILE CHECKSUM: 26e2afef30d8057a131acf4f310061a9877fbf19

COCOAPODS: 1.10.0
